// !$*UTF8*$!
{
	archiveVersion = 1;
	classes = {
	};
	objectVersion = 50;
	objects = {

/* Begin PBXBuildFile section */
		6727EBF2218E918C008DD2E9 /* AppDelegate.swift in Sources */ = {isa = PBXBuildFile; fileRef = 6727EBF1218E918C008DD2E9 /* AppDelegate.swift */; };
		6727EBF4218E918C008DD2E9 /* ViewController.swift in Sources */ = {isa = PBXBuildFile; fileRef = 6727EBF3218E918C008DD2E9 /* ViewController.swift */; };
		6727EBF7218E918C008DD2E9 /* Main.storyboard in Resources */ = {isa = PBXBuildFile; fileRef = 6727EBF5218E918C008DD2E9 /* Main.storyboard */; };
		6727EBF9218E918D008DD2E9 /* Assets.xcassets in Resources */ = {isa = PBXBuildFile; fileRef = 6727EBF8218E918D008DD2E9 /* Assets.xcassets */; };
		6727EBFC218E918D008DD2E9 /* LaunchScreen.storyboard in Resources */ = {isa = PBXBuildFile; fileRef = 6727EBFA218E918D008DD2E9 /* LaunchScreen.storyboard */; };
		6727EC07218E918D008DD2E9 /* MyToDoListTests.swift in Sources */ = {isa = PBXBuildFile; fileRef = 6727EC06218E918D008DD2E9 /* MyToDoListTests.swift */; };
		6727EC12218E918D008DD2E9 /* MyToDoListUITests.swift in Sources */ = {isa = PBXBuildFile; fileRef = 6727EC11218E918D008DD2E9 /* MyToDoListUITests.swift */; };
/* End PBXBuildFile section */

/* Begin PBXContainerItemProxy section */
		6727EC03218E918D008DD2E9 /* PBXContainerItemProxy */ = {
			isa = PBXContainerItemProxy;
			containerPortal = 6727EBE6218E918C008DD2E9 /* Project object */;
			proxyType = 1;
			remoteGlobalIDString = 6727EBED218E918C008DD2E9;
			remoteInfo = MyToDoList;
		};
		6727EC0E218E918D008DD2E9 /* PBXContainerItemProxy */ = {
			isa = PBXContainerItemProxy;
			containerPortal = 6727EBE6218E918C008DD2E9 /* Project object */;
			proxyType = 1;
			remoteGlobalIDString = 6727EBED218E918C008DD2E9;
			remoteInfo = MyToDoList;
		};
/* End PBXContainerItemProxy section */

/* Begin PBXFileReference section */
		6727EBEE218E918C008DD2E9 /* MyToDoList.app */ = {isa = PBXFileReference; explicitFileType = wrapper.application; includeInIndex = 0; path = MyToDoList.app; sourceTree = BUILT_PRODUCTS_DIR; };
		6727EBF1218E918C008DD2E9 /* AppDelegate.swift */ = {isa = PBXFileReference; lastKnownFileType = sourcecode.swift; path = AppDelegate.swift; sourceTree = "<group>"; };
		6727EBF3218E918C008DD2E9 /* ViewController.swift */ = {isa = PBXFileReference; lastKnownFileType = sourcecode.swift; path = ViewController.swift; sourceTree = "<group>"; };
		6727EBF6218E918C008DD2E9 /* Base */ = {isa = PBXFileReference; lastKnownFileType = file.storyboard; name = Base; path = Base.lproj/Main.storyboard; sourceTree = "<group>"; };
		6727EBF8218E918D008DD2E9 /* Assets.xcassets */ = {isa = PBXFileReference; lastKnownFileType = folder.assetcatalog; path = Assets.xcassets; sourceTree = "<group>"; };
		6727EBFB218E918D008DD2E9 /* Base */ = {isa = PBXFileReference; lastKnownFileType = file.storyboard; name = Base; path = Base.lproj/LaunchScreen.storyboard; sourceTree = "<group>"; };
		6727EBFD218E918D008DD2E9 /* Info.plist */ = {isa = PBXFileReference; lastKnownFileType = text.plist.xml; path = Info.plist; sourceTree = "<group>"; };
		6727EC02218E918D008DD2E9 /* MyToDoListTests.xctest */ = {isa = PBXFileReference; explicitFileType = wrapper.cfbundle; includeInIndex = 0; path = MyToDoListTests.xctest; sourceTree = BUILT_PRODUCTS_DIR; };
		6727EC06218E918D008DD2E9 /* MyToDoListTests.swift */ = {isa = PBXFileReference; lastKnownFileType = sourcecode.swift; path = MyToDoListTests.swift; sourceTree = "<group>"; };
		6727EC08218E918D008DD2E9 /* Info.plist */ = {isa = PBXFileReference; lastKnownFileType = text.plist.xml; path = Info.plist; sourceTree = "<group>"; };
		6727EC0D218E918D008DD2E9 /* MyToDoListUITests.xctest */ = {isa = PBXFileReference; explicitFileType = wrapper.cfbundle; includeInIndex = 0; path = MyToDoListUITests.xctest; sourceTree = BUILT_PRODUCTS_DIR; };
		6727EC11218E918D008DD2E9 /* MyToDoListUITests.swift */ = {isa = PBXFileReference; lastKnownFileType = sourcecode.swift; path = MyToDoListUITests.swift; sourceTree = "<group>"; };
		6727EC13218E918D008DD2E9 /* Info.plist */ = {isa = PBXFileReference; lastKnownFileType = text.plist.xml; path = Info.plist; sourceTree = "<group>"; };
/* End PBXFileReference section */

/* Begin PBXFrameworksBuildPhase section */
		6727EBEB218E918C008DD2E9 /* Frameworks */ = {
			isa = PBXFrameworksBuildPhase;
			buildActionMask = 2147483647;
			files = (
			);
			runOnlyForDeploymentPostprocessing = 0;
		};
		6727EBFF218E918D008DD2E9 /* Frameworks */ = {
			isa = PBXFrameworksBuildPhase;
			buildActionMask = 2147483647;
			files = (
			);
			runOnlyForDeploymentPostprocessing = 0;
		};
		6727EC0A218E918D008DD2E9 /* Frameworks */ = {
			isa = PBXFrameworksBuildPhase;
			buildActionMask = 2147483647;
			files = (
			);
			runOnlyForDeploymentPostprocessing = 0;
		};
/* End PBXFrameworksBuildPhase section */

/* Begin PBXGroup section */
		6727EBE5218E918C008DD2E9 = {
			isa = PBXGroup;
			children = (
				6727EBF0218E918C008DD2E9 /* MyToDoList */,
				6727EC05218E918D008DD2E9 /* MyToDoListTests */,
				6727EC10218E918D008DD2E9 /* MyToDoListUITests */,
				6727EBEF218E918C008DD2E9 /* Products */,
			);
			sourceTree = "<group>";
		};
		6727EBEF218E918C008DD2E9 /* Products */ = {
			isa = PBXGroup;
			children = (
				6727EBEE218E918C008DD2E9 /* MyToDoList.app */,
				6727EC02218E918D008DD2E9 /* MyToDoListTests.xctest */,
				6727EC0D218E918D008DD2E9 /* MyToDoListUITests.xctest */,
			);
			name = Products;
			sourceTree = "<group>";
		};
		6727EBF0218E918C008DD2E9 /* MyToDoList */ = {
			isa = PBXGroup;
			children = (
				6727EBF1218E918C008DD2E9 /* AppDelegate.swift */,
				6727EBF3218E918C008DD2E9 /* ViewController.swift */,
				6727EBF5218E918C008DD2E9 /* Main.storyboard */,
				6727EBF8218E918D008DD2E9 /* Assets.xcassets */,
				6727EBFA218E918D008DD2E9 /* LaunchScreen.storyboard */,
				6727EBFD218E918D008DD2E9 /* Info.plist */,
			);
			path = MyToDoList;
			sourceTree = "<group>";
		};
		6727EC05218E918D008DD2E9 /* MyToDoListTests */ = {
			isa = PBXGroup;
			children = (
				6727EC06218E918D008DD2E9 /* MyToDoListTests.swift */,
				6727EC08218E918D008DD2E9 /* Info.plist */,
			);
			path = MyToDoListTests;
			sourceTree = "<group>";
		};
		6727EC10218E918D008DD2E9 /* MyToDoListUITests */ = {
			isa = PBXGroup;
			children = (
				6727EC11218E918D008DD2E9 /* MyToDoListUITests.swift */,
				6727EC13218E918D008DD2E9 /* Info.plist */,
			);
			path = MyToDoListUITests;
			sourceTree = "<group>";
		};
/* End PBXGroup section */

/* Begin PBXNativeTarget section */
		6727EBED218E918C008DD2E9 /* MyToDoList */ = {
			isa = PBXNativeTarget;
			buildConfigurationList = 6727EC16218E918D008DD2E9 /* Build configuration list for PBXNativeTarget "MyToDoList" */;
			buildPhases = (
				6727EBEA218E918C008DD2E9 /* Sources */,
				6727EBEB218E918C008DD2E9 /* Frameworks */,
				6727EBEC218E918C008DD2E9 /* Resources */,
			);
			buildRules = (
			);
			dependencies = (
			);
			name = MyToDoList;
			productName = MyToDoList;
			productReference = 6727EBEE218E918C008DD2E9 /* MyToDoList.app */;
			productType = "com.apple.product-type.application";
		};
		6727EC01218E918D008DD2E9 /* MyToDoListTests */ = {
			isa = PBXNativeTarget;
			buildConfigurationList = 6727EC19218E918D008DD2E9 /* Build configuration list for PBXNativeTarget "MyToDoListTests" */;
			buildPhases = (
				6727EBFE218E918D008DD2E9 /* Sources */,
				6727EBFF218E918D008DD2E9 /* Frameworks */,
				6727EC00218E918D008DD2E9 /* Resources */,
			);
			buildRules = (
			);
			dependencies = (
				6727EC04218E918D008DD2E9 /* PBXTargetDependency */,
			);
			name = MyToDoListTests;
			productName = MyToDoListTests;
			productReference = 6727EC02218E918D008DD2E9 /* MyToDoListTests.xctest */;
			productType = "com.apple.product-type.bundle.unit-test";
		};
		6727EC0C218E918D008DD2E9 /* MyToDoListUITests */ = {
			isa = PBXNativeTarget;
			buildConfigurationList = 6727EC1C218E918D008DD2E9 /* Build configuration list for PBXNativeTarget "MyToDoListUITests" */;
			buildPhases = (
				6727EC09218E918D008DD2E9 /* Sources */,
				6727EC0A218E918D008DD2E9 /* Frameworks */,
				6727EC0B218E918D008DD2E9 /* Resources */,
			);
			buildRules = (
			);
			dependencies = (
				6727EC0F218E918D008DD2E9 /* PBXTargetDependency */,
			);
			name = MyToDoListUITests;
			productName = MyToDoListUITests;
			productReference = 6727EC0D218E918D008DD2E9 /* MyToDoListUITests.xctest */;
			productType = "com.apple.product-type.bundle.ui-testing";
		};
/* End PBXNativeTarget section */

/* Begin PBXProject section */
		6727EBE6218E918C008DD2E9 /* Project object */ = {
			isa = PBXProject;
			attributes = {
				LastSwiftUpdateCheck = 1000;
				LastUpgradeCheck = 1000;
				ORGANIZATIONNAME = BinhPQ;
				TargetAttributes = {
					6727EBED218E918C008DD2E9 = {
						CreatedOnToolsVersion = 10.0;
					};
					6727EC01218E918D008DD2E9 = {
						CreatedOnToolsVersion = 10.0;
						TestTargetID = 6727EBED218E918C008DD2E9;
					};
					6727EC0C218E918D008DD2E9 = {
						CreatedOnToolsVersion = 10.0;
						TestTargetID = 6727EBED218E918C008DD2E9;
					};
				};
			};
			buildConfigurationList = 6727EBE9218E918C008DD2E9 /* Build configuration list for PBXProject "MyToDoList" */;
			compatibilityVersion = "Xcode 9.3";
			developmentRegion = en;
			hasScannedForEncodings = 0;
			knownRegions = (
				en,
				Base,
			);
			mainGroup = 6727EBE5218E918C008DD2E9;
			productRefGroup = 6727EBEF218E918C008DD2E9 /* Products */;
			projectDirPath = "";
			projectRoot = "";
			targets = (
				6727EBED218E918C008DD2E9 /* MyToDoList */,
				6727EC01218E918D008DD2E9 /* MyToDoListTests */,
				6727EC0C218E918D008DD2E9 /* MyToDoListUITests */,
			);
		};
/* End PBXProject section */

/* Begin PBXResourcesBuildPhase section */
		6727EBEC218E918C008DD2E9 /* Resources */ = {
			isa = PBXResourcesBuildPhase;
			buildActionMask = 2147483647;
			files = (
				6727EBFC218E918D008DD2E9 /* LaunchScreen.storyboard in Resources */,
				6727EBF9218E918D008DD2E9 /* Assets.xcassets in Resources */,
				6727EBF7218E918C008DD2E9 /* Main.storyboard in Resources */,
			);
			runOnlyForDeploymentPostprocessing = 0;
		};
		6727EC00218E918D008DD2E9 /* Resources */ = {
			isa = PBXResourcesBuildPhase;
			buildActionMask = 2147483647;
			files = (
			);
			runOnlyForDeploymentPostprocessing = 0;
		};
		6727EC0B218E918D008DD2E9 /* Resources */ = {
			isa = PBXResourcesBuildPhase;
			buildActionMask = 2147483647;
			files = (
			);
			runOnlyForDeploymentPostprocessing = 0;
		};
/* End PBXResourcesBuildPhase section */

/* Begin PBXSourcesBuildPhase section */
		6727EBEA218E918C008DD2E9 /* Sources */ = {
			isa = PBXSourcesBuildPhase;
			buildActionMask = 2147483647;
			files = (
				6727EBF4218E918C008DD2E9 /* ViewController.swift in Sources */,
				6727EBF2218E918C008DD2E9 /* AppDelegate.swift in Sources */,
			);
			runOnlyForDeploymentPostprocessing = 0;
		};
		6727EBFE218E918D008DD2E9 /* Sources */ = {
			isa = PBXSourcesBuildPhase;
			buildActionMask = 2147483647;
			files = (
				6727EC07218E918D008DD2E9 /* MyToDoListTests.swift in Sources */,
			);
			runOnlyForDeploymentPostprocessing = 0;
		};
		6727EC09218E918D008DD2E9 /* Sources */ = {
			isa = PBXSourcesBuildPhase;
			buildActionMask = 2147483647;
			files = (
				6727EC12218E918D008DD2E9 /* MyToDoListUITests.swift in Sources */,
			);
			runOnlyForDeploymentPostprocessing = 0;
		};
/* End PBXSourcesBuildPhase section */

/* Begin PBXTargetDependency section */
		6727EC04218E918D008DD2E9 /* PBXTargetDependency */ = {
			isa = PBXTargetDependency;
			target = 6727EBED218E918C008DD2E9 /* MyToDoList */;
			targetProxy = 6727EC03218E918D008DD2E9 /* PBXContainerItemProxy */;
		};
		6727EC0F218E918D008DD2E9 /* PBXTargetDependency */ = {
			isa = PBXTargetDependency;
			target = 6727EBED218E918C008DD2E9 /* MyToDoList */;
			targetProxy = 6727EC0E218E918D008DD2E9 /* PBXContainerItemProxy */;
		};
/* End PBXTargetDependency section */

/* Begin PBXVariantGroup section */
		6727EBF5218E918C008DD2E9 /* Main.storyboard */ = {
			isa = PBXVariantGroup;
			children = (
				6727EBF6218E918C008DD2E9 /* Base */,
			);
			name = Main.storyboard;
			sourceTree = "<group>";
		};
		6727EBFA218E918D008DD2E9 /* LaunchScreen.storyboard */ = {
			isa = PBXVariantGroup;
			children = (
				6727EBFB218E918D008DD2E9 /* Base */,
			);
			name = LaunchScreen.storyboard;
			sourceTree = "<group>";
		};
/* End PBXVariantGroup section */

/* Begin XCBuildConfiguration section */
		6727EC14218E918D008DD2E9 /* Debug */ = {
			isa = XCBuildConfiguration;
			buildSettings = {
				ALWAYS_SEARCH_USER_PATHS = NO;
				CLANG_ANALYZER_NONNULL = YES;
				CLANG_ANALYZER_NUMBER_OBJECT_CONVERSION = YES_AGGRESSIVE;
				CLANG_CXX_LANGUAGE_STANDARD = "gnu++14";
				CLANG_CXX_LIBRARY = "libc++";
				CLANG_ENABLE_MODULES = YES;
				CLANG_ENABLE_OBJC_ARC = YES;
				CLANG_ENABLE_OBJC_WEAK = YES;
				CLANG_WARN_BLOCK_CAPTURE_AUTORELEASING = YES;
				CLANG_WARN_BOOL_CONVERSION = YES;
				CLANG_WARN_COMMA = YES;
				CLANG_WARN_CONSTANT_CONVERSION = YES;
				CLANG_WARN_DEPRECATED_OBJC_IMPLEMENTATIONS = YES;
				CLANG_WARN_DIRECT_OBJC_ISA_USAGE = YES_ERROR;
				CLANG_WARN_DOCUMENTATION_COMMENTS = YES;
				CLANG_WARN_EMPTY_BODY = YES;
				CLANG_WARN_ENUM_CONVERSION = YES;
				CLANG_WARN_INFINITE_RECURSION = YES;
				CLANG_WARN_INT_CONVERSION = YES;
				CLANG_WARN_NON_LITERAL_NULL_CONVERSION = YES;
				CLANG_WARN_OBJC_IMPLICIT_RETAIN_SELF = YES;
				CLANG_WARN_OBJC_LITERAL_CONVERSION = YES;
				CLANG_WARN_OBJC_ROOT_CLASS = YES_ERROR;
				CLANG_WARN_RANGE_LOOP_ANALYSIS = YES;
				CLANG_WARN_STRICT_PROTOTYPES = YES;
				CLANG_WARN_SUSPICIOUS_MOVE = YES;
				CLANG_WARN_UNGUARDED_AVAILABILITY = YES_AGGRESSIVE;
				CLANG_WARN_UNREACHABLE_CODE = YES;
				CLANG_WARN__DUPLICATE_METHOD_MATCH = YES;
				CODE_SIGN_IDENTITY = "iPhone Developer";
				COPY_PHASE_STRIP = NO;
				DEBUG_INFORMATION_FORMAT = dwarf;
				ENABLE_STRICT_OBJC_MSGSEND = YES;
				ENABLE_TESTABILITY = YES;
				GCC_C_LANGUAGE_STANDARD = gnu11;
				GCC_DYNAMIC_NO_PIC = NO;
				GCC_NO_COMMON_BLOCKS = YES;
				GCC_OPTIMIZATION_LEVEL = 0;
				GCC_PREPROCESSOR_DEFINITIONS = (
					"DEBUG=1",
					"$(inherited)",
				);
				GCC_WARN_64_TO_32_BIT_CONVERSION = YES;
				GCC_WARN_ABOUT_RETURN_TYPE = YES_ERROR;
				GCC_WARN_UNDECLARED_SELECTOR = YES;
				GCC_WARN_UNINITIALIZED_AUTOS = YES_AGGRESSIVE;
				GCC_WARN_UNUSED_FUNCTION = YES;
				GCC_WARN_UNUSED_VARIABLE = YES;
				IPHONEOS_DEPLOYMENT_TARGET = 12.0;
				MTL_ENABLE_DEBUG_INFO = INCLUDE_SOURCE;
				MTL_FAST_MATH = YES;
				ONLY_ACTIVE_ARCH = YES;
				SDKROOT = iphoneos;
				SWIFT_ACTIVE_COMPILATION_CONDITIONS = DEBUG;
				SWIFT_OPTIMIZATION_LEVEL = "-Onone";
			};
			name = Debug;
		};
		6727EC15218E918D008DD2E9 /* Release */ = {
			isa = XCBuildConfiguration;
			buildSettings = {
				ALWAYS_SEARCH_USER_PATHS = NO;
				CLANG_ANALYZER_NONNULL = YES;
				CLANG_ANALYZER_NUMBER_OBJECT_CONVERSION = YES_AGGRESSIVE;
				CLANG_CXX_LANGUAGE_STANDARD = "gnu++14";
				CLANG_CXX_LIBRARY = "libc++";
				CLANG_ENABLE_MODULES = YES;
				CLANG_ENABLE_OBJC_ARC = YES;
				CLANG_ENABLE_OBJC_WEAK = YES;
				CLANG_WARN_BLOCK_CAPTURE_AUTORELEASING = YES;
				CLANG_WARN_BOOL_CONVERSION = YES;
				CLANG_WARN_COMMA = YES;
				CLANG_WARN_CONSTANT_CONVERSION = YES;
				CLANG_WARN_DEPRECATED_OBJC_IMPLEMENTATIONS = YES;
				CLANG_WARN_DIRECT_OBJC_ISA_USAGE = YES_ERROR;
				CLANG_WARN_DOCUMENTATION_COMMENTS = YES;
				CLANG_WARN_EMPTY_BODY = YES;
				CLANG_WARN_ENUM_CONVERSION = YES;
				CLANG_WARN_INFINITE_RECURSION = YES;
				CLANG_WARN_INT_CONVERSION = YES;
				CLANG_WARN_NON_LITERAL_NULL_CONVERSION = YES;
				CLANG_WARN_OBJC_IMPLICIT_RETAIN_SELF = YES;
				CLANG_WARN_OBJC_LITERAL_CONVERSION = YES;
				CLANG_WARN_OBJC_ROOT_CLASS = YES_ERROR;
				CLANG_WARN_RANGE_LOOP_ANALYSIS = YES;
				CLANG_WARN_STRICT_PROTOTYPES = YES;
				CLANG_WARN_SUSPICIOUS_MOVE = YES;
				CLANG_WARN_UNGUARDED_AVAILABILITY = YES_AGGRESSIVE;
				CLANG_WARN_UNREACHABLE_CODE = YES;
				CLANG_WARN__DUPLICATE_METHOD_MATCH = YES;
				CODE_SIGN_IDENTITY = "iPhone Developer";
				COPY_PHASE_STRIP = NO;
				DEBUG_INFORMATION_FORMAT = "dwarf-with-dsym";
				ENABLE_NS_ASSERTIONS = NO;
				ENABLE_STRICT_OBJC_MSGSEND = YES;
				GCC_C_LANGUAGE_STANDARD = gnu11;
				GCC_NO_COMMON_BLOCKS = YES;
				GCC_WARN_64_TO_32_BIT_CONVERSION = YES;
				GCC_WARN_ABOUT_RETURN_TYPE = YES_ERROR;
				GCC_WARN_UNDECLARED_SELECTOR = YES;
				GCC_WARN_UNINITIALIZED_AUTOS = YES_AGGRESSIVE;
				GCC_WARN_UNUSED_FUNCTION = YES;
				GCC_WARN_UNUSED_VARIABLE = YES;
				IPHONEOS_DEPLOYMENT_TARGET = 12.0;
				MTL_ENABLE_DEBUG_INFO = NO;
				MTL_FAST_MATH = YES;
				SDKROOT = iphoneos;
				SWIFT_COMPILATION_MODE = wholemodule;
				SWIFT_OPTIMIZATION_LEVEL = "-O";
				VALIDATE_PRODUCT = YES;
			};
			name = Release;
		};
		6727EC17218E918D008DD2E9 /* Debug */ = {
			isa = XCBuildConfiguration;
			buildSettings = {
				ASSETCATALOG_COMPILER_APPICON_NAME = AppIcon;
				CODE_SIGN_STYLE = Automatic;
				INFOPLIST_FILE = MyToDoList/Info.plist;
				LD_RUNPATH_SEARCH_PATHS = (
					"$(inherited)",
					"@executable_path/Frameworks",
				);
				PRODUCT_BUNDLE_IDENTIFIER = quangbinh.MyToDoList;
				PRODUCT_NAME = "$(TARGET_NAME)";
				SWIFT_VERSION = 4.2;
				TARGETED_DEVICE_FAMILY = "1,2";
			};
			name = Debug;
		};
		6727EC18218E918D008DD2E9 /* Release */ = {
			isa = XCBuildConfiguration;
			buildSettings = {
				ASSETCATALOG_COMPILER_APPICON_NAME = AppIcon;
				CODE_SIGN_STYLE = Automatic;
				INFOPLIST_FILE = MyToDoList/Info.plist;
				LD_RUNPATH_SEARCH_PATHS = (
					"$(inherited)",
					"@executable_path/Frameworks",
				);
				PRODUCT_BUNDLE_IDENTIFIER = quangbinh.MyToDoList;
				PRODUCT_NAME = "$(TARGET_NAME)";
				SWIFT_VERSION = 4.2;
				TARGETED_DEVICE_FAMILY = "1,2";
			};
			name = Release;
		};
		6727EC1A218E918D008DD2E9 /* Debug */ = {
			isa = XCBuildConfiguration;
			buildSettings = {
				ALWAYS_EMBED_SWIFT_STANDARD_LIBRARIES = YES;
				BUNDLE_LOADER = "$(TEST_HOST)";
				CODE_SIGN_STYLE = Automatic;
				INFOPLIST_FILE = MyToDoListTests/Info.plist;
				LD_RUNPATH_SEARCH_PATHS = (
					"$(inherited)",
					"@executable_path/Frameworks",
					"@loader_path/Frameworks",
				);
				PRODUCT_BUNDLE_IDENTIFIER = quangbinh.MyToDoListTests;
				PRODUCT_NAME = "$(TARGET_NAME)";
				SWIFT_VERSION = 4.2;
				TARGETED_DEVICE_FAMILY = "1,2";
				TEST_HOST = "$(BUILT_PRODUCTS_DIR)/MyToDoList.app/MyToDoList";
			};
			name = Debug;
		};
		6727EC1B218E918D008DD2E9 /* Release */ = {
			isa = XCBuildConfiguration;
			buildSettings = {
				ALWAYS_EMBED_SWIFT_STANDARD_LIBRARIES = YES;
				BUNDLE_LOADER = "$(TEST_HOST)";
				CODE_SIGN_STYLE = Automatic;
				INFOPLIST_FILE = MyToDoListTests/Info.plist;
				LD_RUNPATH_SEARCH_PATHS = (
					"$(inherited)",
					"@executable_path/Frameworks",
					"@loader_path/Frameworks",
				);
				PRODUCT_BUNDLE_IDENTIFIER = quangbinh.MyToDoListTests;
				PRODUCT_NAME = "$(TARGET_NAME)";
				SWIFT_VERSION = 4.2;
				TARGETED_DEVICE_FAMILY = "1,2";
				TEST_HOST = "$(BUILT_PRODUCTS_DIR)/MyToDoList.app/MyToDoList";
			};
			name = Release;
		};
		6727EC1D218E918D008DD2E9 /* Debug */ = {
			isa = XCBuildConfiguration;
			buildSettings = {
				ALWAYS_EMBED_SWIFT_STANDARD_LIBRARIES = YES;
				CODE_SIGN_STYLE = Automatic;
				INFOPLIST_FILE = MyToDoListUITests/Info.plist;
				LD_RUNPATH_SEARCH_PATHS = (
					"$(inherited)",
					"@executable_path/Frameworks",
					"@loader_path/Frameworks",
				);
				PRODUCT_BUNDLE_IDENTIFIER = quangbinh.MyToDoListUITests;
				PRODUCT_NAME = "$(TARGET_NAME)";
				SWIFT_VERSION = 4.2;
				TARGETED_DEVICE_FAMILY = "1,2";
				TEST_TARGET_NAME = MyToDoList;
			};
			name = Debug;
		};
		6727EC1E218E918D008DD2E9 /* Release */ = {
			isa = XCBuildConfiguration;
			buildSettings = {
				ALWAYS_EMBED_SWIFT_STANDARD_LIBRARIES = YES;
				CODE_SIGN_STYLE = Automatic;
				INFOPLIST_FILE = MyToDoListUITests/Info.plist;
				LD_RUNPATH_SEARCH_PATHS = (
					"$(inherited)",
					"@executable_path/Frameworks",
					"@loader_path/Frameworks",
				);
				PRODUCT_BUNDLE_IDENTIFIER = quangbinh.MyToDoListUITests;
				PRODUCT_NAME = "$(TARGET_NAME)";
				SWIFT_VERSION = 4.2;
				TARGETED_DEVICE_FAMILY = "1,2";
				TEST_TARGET_NAME = MyToDoList;
			};
			name = Release;
		};
/* End XCBuildConfiguration section */

/* Begin XCConfigurationList section */
		6727EBE9218E918C008DD2E9 /* Build configuration list for PBXProject "MyToDoList" */ = {
			isa = XCConfigurationList;
			buildConfigurations = (
				6727EC14218E918D008DD2E9 /* Debug */,
				6727EC15218E918D008DD2E9 /* Release */,
			);
			defaultConfigurationIsVisible = 0;
			defaultConfigurationName = Release;
		};
		6727EC16218E918D008DD2E9 /* Build configuration list for PBXNativeTarget "MyToDoList" */ = {
			isa = XCConfigurationList;
			buildConfigurations = (
				6727EC17218E918D008DD2E9 /* Debug */,
				6727EC18218E918D008DD2E9 /* Release */,
			);
			defaultConfigurationIsVisible = 0;
			defaultConfigurationName = Release;
		};
		6727EC19218E918D008DD2E9 /* Build configuration list for PBXNativeTarget "MyToDoListTests" */ = {
			isa = XCConfigurationList;
			buildConfigurations = (
				6727EC1A218E918D008DD2E9 /* Debug */,
				6727EC1B218E918D008DD2E9 /* Release */,
			);
			defaultConfigurationIsVisible = 0;
			defaultConfigurationName = Release;
		};
		6727EC1C218E918D008DD2E9 /* Build configuration list for PBXNativeTarget "MyToDoListUITests" */ = {
			isa = XCConfigurationList;
			buildConfigurations = (
				6727EC1D218E918D008DD2E9 /* Debug */,
				6727EC1E218E918D008DD2E9 /* Release */,
			);
			defaultConfigurationIsVisible = 0;
			defaultConfigurationName = Release;
		};
/* End XCConfigurationList section */
	};
	rootObject = 6727EBE6218E918C008DD2E9 /* Project object */;
}
